
Microsoft Visual Studio Solution File, Format Version 12.00
# Visual Studio Version 17
VisualStudioVersion = 17.14.36221.1
MinimumVisualStudioVersion = 10.0.40219.1
Project("{2150E333-8FDC-42A3-9474-1A3956D46DE8}") = "Services", "Services", "{02EA681E-C7D8-13C7-8484-4AC65E1B71E8}"
EndProject
Project("{2150E333-8FDC-42A3-9474-1A3956D46DE8}") = "Catalog", "Catalog", "{49854393-A0AA-4ABE-AAFE-23B86F5071E3}"
EndProject
Project("{FAE04EC0-301F-11D3-BF4B-00C04F79EFBC}") = "MicroserviceECommerce.Catalog.WebAPI", "Services\Catalog\MicroserviceECommerce.Catalog.WebAPI\MicroserviceECommerce.Catalog.WebAPI.csproj", "{BB7B126C-DA62-4F5D-AA80-CEDAD1DCB585}"
EndProject
Project("{2150E333-8FDC-42A3-9474-1A3956D46DE8}") = "Discount", "Discount", "{813A0844-E387-44C7-B6F8-C2B0AA18A581}"
EndProject
Project("{FAE04EC0-301F-11D3-BF4B-00C04F79EFBC}") = "MicroserviceECommerce.Discount.WebAPI", "Services\Discount\MicroserviceECommerce.Discount.WebAPI\MicroserviceECommerce.Discount.WebAPI.csproj", "{2AD62345-ABFB-4BD6-B444-63BCECD449D0}"
EndProject
Project("{2150E333-8FDC-42A3-9474-1A3956D46DE8}") = "Solution Items", "Solution Items", "{8EC462FD-D22E-90A8-E5CE-7E832BA40C5D}"
	ProjectSection(SolutionItems) = preProject
		.gitignore = .gitignore
		general-informations.md = general-informations.md
		global.json = global.json
		README.md = README.md
	EndProjectSection
EndProject
Project("{2150E333-8FDC-42A3-9474-1A3956D46DE8}") = "Order", "Order", "{20ED8ACC-93E0-4BDB-A828-F2130B25CCB4}"
EndProject
Project("{2150E333-8FDC-42A3-9474-1A3956D46DE8}") = "Core", "Core", "{E875E2EF-7257-496F-B437-63A56CE8F7BD}"
EndProject
Project("{2150E333-8FDC-42A3-9474-1A3956D46DE8}") = "Presentation", "Presentation", "{9B365BEE-4603-452B-AE27-981650AB7FD3}"
EndProject
Project("{FAE04EC0-301F-11D3-BF4B-00C04F79EFBC}") = "MicroserviceECommerce.Order.Domain", "Services\Order\Core\MicroserviceECommerce.Order.Domain\MicroserviceECommerce.Order.Domain.csproj", "{B74A1E70-A7B3-4EA4-9638-DCF6BDFDD0D6}"
EndProject
Project("{FAE04EC0-301F-11D3-BF4B-00C04F79EFBC}") = "MicroserviceECommerce.Order.Application", "Services\Order\Core\MicroserviceECommerce.Order.Application\MicroserviceECommerce.Order.Application.csproj", "{F7236A86-A2C1-4888-9049-CAD2898FBA5D}"
EndProject
Project("{2150E333-8FDC-42A3-9474-1A3956D46DE8}") = "Infrastructure", "Infrastructure", "{69CEE730-8865-4147-80C9-ABCB1947B923}"
EndProject
Project("{FAE04EC0-301F-11D3-BF4B-00C04F79EFBC}") = "MicroserviceECommerce.Order.Persistence", "Services\Order\Infrastructure\MicroserviceECommerce.Order.Persistence\MicroserviceECommerce.Order.Persistence.csproj", "{C2EC456A-0820-4B64-BE47-F71C10228F0B}"
EndProject
Project("{FAE04EC0-301F-11D3-BF4B-00C04F79EFBC}") = "MicroserviceECommerce.Order.WebAPI", "Services\Order\Presentation\MicroserviceECommerce.Order.WebAPI\MicroserviceECommerce.Order.WebAPI.csproj", "{35AFC2A6-B260-4A90-9DBD-9F658ADED5D2}"
EndProject
Project("{2150E333-8FDC-42A3-9474-1A3956D46DE8}") = "IdentityServer", "IdentityServer", "{90BA0E50-4A17-496F-B54E-9D72AD5AABB9}"
EndProject
Project("{FAE04EC0-301F-11D3-BF4B-00C04F79EFBC}") = "MicroserviceECommerce.IdentityServer", "IdentityServer\MicroserviceECommerce.IdentityServer\MicroserviceECommerce.IdentityServer.csproj", "{29894673-627F-F33C-DD72-731D90A95123}"
EndProject
Project("{2150E333-8FDC-42A3-9474-1A3956D46DE8}") = "Cargo", "Cargo", "{0E99D424-C486-460D-8E18-894B399463AD}"
EndProject
Project("{FAE04EC0-301F-11D3-BF4B-00C04F79EFBC}") = "MicroserviceECommerce.Cargo.BusinessLayer", "Services\Cargo\MicroserviceECommerce.Cargo.BusinessLayer\MicroserviceECommerce.Cargo.BusinessLayer.csproj", "{A560CAFD-2A5C-45B2-8175-C494F84C344A}"
EndProject
Project("{FAE04EC0-301F-11D3-BF4B-00C04F79EFBC}") = "MicroserviceECommerce.Cargo.EntityLayer", "Services\Cargo\MicroserviceECommerce.Cargo.EntityLayer\MicroserviceECommerce.Cargo.EntityLayer.csproj", "{79426231-7902-436A-9212-2CF7A93754A7}"
EndProject
Project("{FAE04EC0-301F-11D3-BF4B-00C04F79EFBC}") = "MicroserviceECommerce.Cargo.DataAccessLayer", "Services\Cargo\MicroserviceECommerce.Cargo.DataAccessLayer\MicroserviceECommerce.Cargo.DataAccessLayer.csproj", "{346C0BD3-0A14-4C15-9DF8-C83934442DBC}"
EndProject
Project("{FAE04EC0-301F-11D3-BF4B-00C04F79EFBC}") = "MicroserviceECommerce.Cargo.DtoLayer", "Services\Cargo\MicroserviceECommerce.Cargo.DtoLayer\MicroserviceECommerce.Cargo.DtoLayer.csproj", "{6190B05B-1D0A-4BD1-94B3-2C7D1868B008}"
EndProject
Project("{FAE04EC0-301F-11D3-BF4B-00C04F79EFBC}") = "MicroserviceECommerce.Cargo.WebAPI", "Services\Cargo\MicroserviceECommerce.Cargo.WebAPI\MicroserviceECommerce.Cargo.WebAPI.csproj", "{C03DCA7A-F56B-4729-8F5B-8C03EA201D9E}"
EndProject
Project("{2150E333-8FDC-42A3-9474-1A3956D46DE8}") = "Basket", "Basket", "{F088C2F9-C5A8-4838-A343-0A5472CF4595}"
EndProject
Project("{FAE04EC0-301F-11D3-BF4B-00C04F79EFBC}") = "MicroserviceECommerce.Basket.WebAPI", "Services\Basket\MicroserviceECommerce.Basket.WebAPI\MicroserviceECommerce.Basket.WebAPI.csproj", "{A3059CE7-6910-4C2D-A5EB-27F9D304D834}"
EndProject
Project("{2150E333-8FDC-42A3-9474-1A3956D46DE8}") = "Comment", "Comment", "{A30C5E70-0C18-42F6-9C60-C0B8B48AA156}"
EndProject
Project("{FAE04EC0-301F-11D3-BF4B-00C04F79EFBC}") = "MicroserviceECommerce.Comment.WebAPI", "Services\Comment\MicroserviceECommerce.Comment.WebAPI\MicroserviceECommerce.Comment.WebAPI.csproj", "{2F61806E-3ECF-4264-A0F8-DD2C1C915AF8}"
EndProject
Global
	GlobalSection(SolutionConfigurationPlatforms) = preSolution
		Debug|Any CPU = Debug|Any CPU
		Release|Any CPU = Release|Any CPU
	EndGlobalSection
	GlobalSection(ProjectConfigurationPlatforms) = postSolution
		{BB7B126C-DA62-4F5D-AA80-CEDAD1DCB585}.Debug|Any CPU.ActiveCfg = Debug|Any CPU
		{BB7B126C-DA62-4F5D-AA80-CEDAD1DCB585}.Debug|Any CPU.Build.0 = Debug|Any CPU
		{BB7B126C-DA62-4F5D-AA80-CEDAD1DCB585}.Release|Any CPU.ActiveCfg = Release|Any CPU
		{BB7B126C-DA62-4F5D-AA80-CEDAD1DCB585}.Release|Any CPU.Build.0 = Release|Any CPU
		{2AD62345-ABFB-4BD6-B444-63BCECD449D0}.Debug|Any CPU.ActiveCfg = Debug|Any CPU
		{2AD62345-ABFB-4BD6-B444-63BCECD449D0}.Debug|Any CPU.Build.0 = Debug|Any CPU
		{2AD62345-ABFB-4BD6-B444-63BCECD449D0}.Release|Any CPU.ActiveCfg = Release|Any CPU
		{2AD62345-ABFB-4BD6-B444-63BCECD449D0}.Release|Any CPU.Build.0 = Release|Any CPU
		{B74A1E70-A7B3-4EA4-9638-DCF6BDFDD0D6}.Debug|Any CPU.ActiveCfg = Debug|Any CPU
		{B74A1E70-A7B3-4EA4-9638-DCF6BDFDD0D6}.Debug|Any CPU.Build.0 = Debug|Any CPU
		{B74A1E70-A7B3-4EA4-9638-DCF6BDFDD0D6}.Release|Any CPU.ActiveCfg = Release|Any CPU
		{B74A1E70-A7B3-4EA4-9638-DCF6BDFDD0D6}.Release|Any CPU.Build.0 = Release|Any CPU
		{F7236A86-A2C1-4888-9049-CAD2898FBA5D}.Debug|Any CPU.ActiveCfg = Debug|Any CPU
		{F7236A86-A2C1-4888-9049-CAD2898FBA5D}.Debug|Any CPU.Build.0 = Debug|Any CPU
		{F7236A86-A2C1-4888-9049-CAD2898FBA5D}.Release|Any CPU.ActiveCfg = Release|Any CPU
		{F7236A86-A2C1-4888-9049-CAD2898FBA5D}.Release|Any CPU.Build.0 = Release|Any CPU
		{C2EC456A-0820-4B64-BE47-F71C10228F0B}.Debug|Any CPU.ActiveCfg = Debug|Any CPU
		{C2EC456A-0820-4B64-BE47-F71C10228F0B}.Debug|Any CPU.Build.0 = Debug|Any CPU
		{C2EC456A-0820-4B64-BE47-F71C10228F0B}.Release|Any CPU.ActiveCfg = Release|Any CPU
		{C2EC456A-0820-4B64-BE47-F71C10228F0B}.Release|Any CPU.Build.0 = Release|Any CPU
		{35AFC2A6-B260-4A90-9DBD-9F658ADED5D2}.Debug|Any CPU.ActiveCfg = Debug|Any CPU
		{35AFC2A6-B260-4A90-9DBD-9F658ADED5D2}.Debug|Any CPU.Build.0 = Debug|Any CPU
		{35AFC2A6-B260-4A90-9DBD-9F658ADED5D2}.Release|Any CPU.ActiveCfg = Release|Any CPU
		{35AFC2A6-B260-4A90-9DBD-9F658ADED5D2}.Release|Any CPU.Build.0 = Release|Any CPU
		{29894673-627F-F33C-DD72-731D90A95123}.Debug|Any CPU.ActiveCfg = Debug|Any CPU
		{29894673-627F-F33C-DD72-731D90A95123}.Debug|Any CPU.Build.0 = Debug|Any CPU
		{29894673-627F-F33C-DD72-731D90A95123}.Release|Any CPU.ActiveCfg = Release|Any CPU
		{29894673-627F-F33C-DD72-731D90A95123}.Release|Any CPU.Build.0 = Release|Any CPU
		{A560CAFD-2A5C-45B2-8175-C494F84C344A}.Debug|Any CPU.ActiveCfg = Debug|Any CPU
		{A560CAFD-2A5C-45B2-8175-C494F84C344A}.Debug|Any CPU.Build.0 = Debug|Any CPU
		{A560CAFD-2A5C-45B2-8175-C494F84C344A}.Release|Any CPU.ActiveCfg = Release|Any CPU
		{A560CAFD-2A5C-45B2-8175-C494F84C344A}.Release|Any CPU.Build.0 = Release|Any CPU
		{79426231-7902-436A-9212-2CF7A93754A7}.Debug|Any CPU.ActiveCfg = Debug|Any CPU
		{79426231-7902-436A-9212-2CF7A93754A7}.Debug|Any CPU.Build.0 = Debug|Any CPU
		{79426231-7902-436A-9212-2CF7A93754A7}.Release|Any CPU.ActiveCfg = Release|Any CPU
		{79426231-7902-436A-9212-2CF7A93754A7}.Release|Any CPU.Build.0 = Release|Any CPU
		{346C0BD3-0A14-4C15-9DF8-C83934442DBC}.Debug|Any CPU.ActiveCfg = Debug|Any CPU
		{346C0BD3-0A14-4C15-9DF8-C83934442DBC}.Debug|Any CPU.Build.0 = Debug|Any CPU
		{346C0BD3-0A14-4C15-9DF8-C83934442DBC}.Release|Any CPU.ActiveCfg = Release|Any CPU
		{346C0BD3-0A14-4C15-9DF8-C83934442DBC}.Release|Any CPU.Build.0 = Release|Any CPU
		{6190B05B-1D0A-4BD1-94B3-2C7D1868B008}.Debug|Any CPU.ActiveCfg = Debug|Any CPU
		{6190B05B-1D0A-4BD1-94B3-2C7D1868B008}.Debug|Any CPU.Build.0 = Debug|Any CPU
		{6190B05B-1D0A-4BD1-94B3-2C7D1868B008}.Release|Any CPU.ActiveCfg = Release|Any CPU
		{6190B05B-1D0A-4BD1-94B3-2C7D1868B008}.Release|Any CPU.Build.0 = Release|Any CPU
		{C03DCA7A-F56B-4729-8F5B-8C03EA201D9E}.Debug|Any CPU.ActiveCfg = Debug|Any CPU
		{C03DCA7A-F56B-4729-8F5B-8C03EA201D9E}.Debug|Any CPU.Build.0 = Debug|Any CPU
		{C03DCA7A-F56B-4729-8F5B-8C03EA201D9E}.Release|Any CPU.ActiveCfg = Release|Any CPU
		{C03DCA7A-F56B-4729-8F5B-8C03EA201D9E}.Release|Any CPU.Build.0 = Release|Any CPU
		{A3059CE7-6910-4C2D-A5EB-27F9D304D834}.Debug|Any CPU.ActiveCfg = Debug|Any CPU
		{A3059CE7-6910-4C2D-A5EB-27F9D304D834}.Debug|Any CPU.Build.0 = Debug|Any CPU
		{A3059CE7-6910-4C2D-A5EB-27F9D304D834}.Release|Any CPU.ActiveCfg = Release|Any CPU
		{A3059CE7-6910-4C2D-A5EB-27F9D304D834}.Release|Any CPU.Build.0 = Release|Any CPU
		{2F61806E-3ECF-4264-A0F8-DD2C1C915AF8}.Debug|Any CPU.ActiveCfg = Debug|Any CPU
		{2F61806E-3ECF-4264-A0F8-DD2C1C915AF8}.Debug|Any CPU.Build.0 = Debug|Any CPU
		{2F61806E-3ECF-4264-A0F8-DD2C1C915AF8}.Release|Any CPU.ActiveCfg = Release|Any CPU
		{2F61806E-3ECF-4264-A0F8-DD2C1C915AF8}.Release|Any CPU.Build.0 = Release|Any CPU
	EndGlobalSection
	GlobalSection(SolutionProperties) = preSolution
		HideSolutionNode = FALSE
	EndGlobalSection
	GlobalSection(NestedProjects) = preSolution
		{49854393-A0AA-4ABE-AAFE-23B86F5071E3} = {02EA681E-C7D8-13C7-8484-4AC65E1B71E8}
		{BB7B126C-DA62-4F5D-AA80-CEDAD1DCB585} = {49854393-A0AA-4ABE-AAFE-23B86F5071E3}
		{813A0844-E387-44C7-B6F8-C2B0AA18A581} = {02EA681E-C7D8-13C7-8484-4AC65E1B71E8}
		{2AD62345-ABFB-4BD6-B444-63BCECD449D0} = {813A0844-E387-44C7-B6F8-C2B0AA18A581}
		{20ED8ACC-93E0-4BDB-A828-F2130B25CCB4} = {02EA681E-C7D8-13C7-8484-4AC65E1B71E8}
		{E875E2EF-7257-496F-B437-63A56CE8F7BD} = {20ED8ACC-93E0-4BDB-A828-F2130B25CCB4}
		{9B365BEE-4603-452B-AE27-981650AB7FD3} = {20ED8ACC-93E0-4BDB-A828-F2130B25CCB4}
		{B74A1E70-A7B3-4EA4-9638-DCF6BDFDD0D6} = {E875E2EF-7257-496F-B437-63A56CE8F7BD}
		{F7236A86-A2C1-4888-9049-CAD2898FBA5D} = {E875E2EF-7257-496F-B437-63A56CE8F7BD}
		{69CEE730-8865-4147-80C9-ABCB1947B923} = {20ED8ACC-93E0-4BDB-A828-F2130B25CCB4}
		{C2EC456A-0820-4B64-BE47-F71C10228F0B} = {69CEE730-8865-4147-80C9-ABCB1947B923}
		{35AFC2A6-B260-4A90-9DBD-9F658ADED5D2} = {9B365BEE-4603-452B-AE27-981650AB7FD3}
		{29894673-627F-F33C-DD72-731D90A95123} = {90BA0E50-4A17-496F-B54E-9D72AD5AABB9}
		{0E99D424-C486-460D-8E18-894B399463AD} = {02EA681E-C7D8-13C7-8484-4AC65E1B71E8}
		{A560CAFD-2A5C-45B2-8175-C494F84C344A} = {0E99D424-C486-460D-8E18-894B399463AD}
		{79426231-7902-436A-9212-2CF7A93754A7} = {0E99D424-C486-460D-8E18-894B399463AD}
		{346C0BD3-0A14-4C15-9DF8-C83934442DBC} = {0E99D424-C486-460D-8E18-894B399463AD}
		{6190B05B-1D0A-4BD1-94B3-2C7D1868B008} = {0E99D424-C486-460D-8E18-894B399463AD}
		{C03DCA7A-F56B-4729-8F5B-8C03EA201D9E} = {0E99D424-C486-460D-8E18-894B399463AD}
		{F088C2F9-C5A8-4838-A343-0A5472CF4595} = {02EA681E-C7D8-13C7-8484-4AC65E1B71E8}
		{A3059CE7-6910-4C2D-A5EB-27F9D304D834} = {F088C2F9-C5A8-4838-A343-0A5472CF4595}
		{A30C5E70-0C18-42F6-9C60-C0B8B48AA156} = {02EA681E-C7D8-13C7-8484-4AC65E1B71E8}
		{2F61806E-3ECF-4264-A0F8-DD2C1C915AF8} = {A30C5E70-0C18-42F6-9C60-C0B8B48AA156}
	EndGlobalSection
	GlobalSection(ExtensibilityGlobals) = postSolution
		SolutionGuid = {C4A5686A-FF15-45FE-8472-F47FC1AEF129}
	EndGlobalSection
EndGlobal
